
Microsoft Visual Studio Solution File, Format Version 12.00
# Visual Studio Version 16
VisualStudioVersion = 16.0.31402.337
MinimumVisualStudioVersion = 10.0.40219.1
Project("{FAE04EC0-301F-11D3-BF4B-00C04F79EFBC}") = "Cities Project", "Cities Project\Cities Project.csproj", "{94E5C9E2-D2B2-4F70-842A-9DC59DF7F072}"
EndProject
Global
	GlobalSection(SolutionConfigurationPlatforms) = preSolution
		Debug|Any CPU = Debug|Any CPU
		Release|Any CPU = Release|Any CPU
	EndGlobalSection
	GlobalSection(ProjectConfigurationPlatforms) = postSolution
		{94E5C9E2-D2B2-4F70-842A-9DC59DF7F072}.Debug|Any CPU.ActiveCfg = Debug|Any CPU
		{94E5C9E2-D2B2-4F70-842A-9DC59DF7F072}.Debug|Any CPU.Build.0 = Debug|Any CPU
		{94E5C9E2-D2B2-4F70-842A-9DC59DF7F072}.Release|Any CPU.ActiveCfg = Release|Any CPU
		{94E5C9E2-D2B2-4F70-842A-9DC59DF7F072}.Release|Any CPU.Build.0 = Release|Any CPU
	EndGlobalSection
	GlobalSection(SolutionProperties) = preSolution
		HideSolutionNode = FALSE
	EndGlobalSection
	GlobalSection(ExtensibilityGlobals) = postSolution
		SolutionGuid = {8F8312BA-C344-4281-9C7C-4630BDB160F0}
	EndGlobalSection
EndGlobal
